# This file is automatically @generated by Poetry 1.8.5 and should not be changed by hand.

[[package]]
name = "xmltodict"
version = "1.0.4"
description = "Makes working with XML feel like you are working with JSON"
optional = false
python-versions = ">=3.9"
files = [
    {file = "xmltodict-1.0.4-py3-none-any.whl", hash = "sha256:a4a00d300b0e1c59fc2bfccb53d7b2e88c32f200df138a0dd2229f842497026a"},
    {file = "xmltodict-1.0.4.tar.gz", hash = "sha256:6d94c9f834dd9e44514162799d344d815a3a4faec913717a9ecbfa5be1bb8e61"},
]

[package.extras]
test = ["pytest", "pytest-cov"]

[metadata]
lock-version = "2.0"
python-versions = ">=3.12"
content-hash = "7ac2deb4f130e9b43fa3ee52b8e209e4cbf27088fec55dd779d2f98a15b0161f"
