# This file is automatically @generated by Poetry 1.8.5 and should not be changed by hand.

[[package]]
name = "xmltodict"
version = "1.0.2"
description = "Makes working with XML feel like you are working with JSON"
optional = false
python-versions = ">=3.9"
files = [
    {file = "xmltodict-1.0.2-py3-none-any.whl", hash = "sha256:62d0fddb0dcbc9f642745d8bbf4d81fd17d6dfaec5a15b5c1876300aad92af0d"},
    {file = "xmltodict-1.0.2.tar.gz", hash = "sha256:54306780b7c2175a3967cad1db92f218207e5bc1aba697d887807c0fb68b7649"},
]

[package.extras]
test = ["pytest", "pytest-cov"]

[metadata]
lock-version = "2.0"
python-versions = "^3.13"
content-hash = "427fec6417a422cd361f5c1d856b84eabac9bf43d906907e97dd02a23283cd6d"
